// !$*UTF8*$!
{
	archiveVersion = 1;
	classes = {
	};
	objectVersion = 56;
	objects = {

/* Begin PBXBuildFile section */
		332D4A602A6E4A65006904D1 /* AppDelegate.m in Sources */ = {isa = PBXBuildFile; fileRef = 332D4A5F2A6E4A65006904D1 /* AppDelegate.m */; };
		332D4A632A6E4A65006904D1 /* SceneDelegate.m in Sources */ = {isa = PBXBuildFile; fileRef = 332D4A622A6E4A65006904D1 /* SceneDelegate.m */; };
		332D4A662A6E4A65006904D1 /* ViewController.m in Sources */ = {isa = PBXBuildFile; fileRef = 332D4A652A6E4A65006904D1 /* ViewController.m */; };
		332D4A692A6E4A65006904D1 /* Main.storyboard in Resources */ = {isa = PBXBuildFile; fileRef = 332D4A672A6E4A65006904D1 /* Main.storyboard */; };
		332D4A6B2A6E4A67006904D1 /* Assets.xcassets in Resources */ = {isa = PBXBuildFile; fileRef = 332D4A6A2A6E4A67006904D1 /* Assets.xcassets */; };
		332D4A6E2A6E4A67006904D1 /* LaunchScreen.storyboard in Resources */ = {isa = PBXBuildFile; fileRef = 332D4A6C2A6E4A67006904D1 /* LaunchScreen.storyboard */; };
		332D4A712A6E4A67006904D1 /* main.m in Sources */ = {isa = PBXBuildFile; fileRef = 332D4A702A6E4A67006904D1 /* main.m */; };
		332D4A792A6E4A8E006904D1 /* DataManager.m in Sources */ = {isa = PBXBuildFile; fileRef = 332D4A782A6E4A8E006904D1 /* DataManager.m */; };
		332D4A7F2A6E532E006904D1 /* BeachCell.m in Sources */ = {isa = PBXBuildFile; fileRef = 332D4A7D2A6E532E006904D1 /* BeachCell.m */; };
		332D4A802A6E532E006904D1 /* BeachCell.xib in Resources */ = {isa = PBXBuildFile; fileRef = 332D4A7E2A6E532E006904D1 /* BeachCell.xib */; };
		332D4A832A6E597D006904D1 /* Beach.m in Sources */ = {isa = PBXBuildFile; fileRef = 332D4A822A6E597D006904D1 /* Beach.m */; };
		332D4A8B2A6E5C7F006904D1 /* MainViewController.m in Sources */ = {isa = PBXBuildFile; fileRef = 332D4A8A2A6E5C7F006904D1 /* MainViewController.m */; };
/* End PBXBuildFile section */

/* Begin PBXFileReference section */
		332D4A5B2A6E4A65006904D1 /* BeachInfoService.app */ = {isa = PBXFileReference; explicitFileType = wrapper.application; includeInIndex = 0; path = BeachInfoService.app; sourceTree = BUILT_PRODUCTS_DIR; };
		332D4A5E2A6E4A65006904D1 /* AppDelegate.h */ = {isa = PBXFileReference; lastKnownFileType = sourcecode.c.h; path = AppDelegate.h; sourceTree = "<group>"; };
		332D4A5F2A6E4A65006904D1 /* AppDelegate.m */ = {isa = PBXFileReference; lastKnownFileType = sourcecode.c.objc; path = AppDelegate.m; sourceTree = "<group>"; };
		332D4A612A6E4A65006904D1 /* SceneDelegate.h */ = {isa = PBXFileReference; lastKnownFileType = sourcecode.c.h; path = SceneDelegate.h; sourceTree = "<group>"; };
		332D4A622A6E4A65006904D1 /* SceneDelegate.m */ = {isa = PBXFileReference; lastKnownFileType = sourcecode.c.objc; path = SceneDelegate.m; sourceTree = "<group>"; };
		332D4A642A6E4A65006904D1 /* ViewController.h */ = {isa = PBXFileReference; lastKnownFileType = sourcecode.c.h; path = ViewController.h; sourceTree = "<group>"; };
		332D4A652A6E4A65006904D1 /* ViewController.m */ = {isa = PBXFileReference; lastKnownFileType = sourcecode.c.objc; path = ViewController.m; sourceTree = "<group>"; };
		332D4A682A6E4A65006904D1 /* Base */ = {isa = PBXFileReference; lastKnownFileType = file.storyboard; name = Base; path = Base.lproj/Main.storyboard; sourceTree = "<group>"; };
		332D4A6A2A6E4A67006904D1 /* Assets.xcassets */ = {isa = PBXFileReference; lastKnownFileType = folder.assetcatalog; path = Assets.xcassets; sourceTree = "<group>"; };
		332D4A6D2A6E4A67006904D1 /* Base */ = {isa = PBXFileReference; lastKnownFileType = file.storyboard; name = Base; path = Base.lproj/LaunchScreen.storyboard; sourceTree = "<group>"; };
		332D4A6F2A6E4A67006904D1 /* Info.plist */ = {isa = PBXFileReference; lastKnownFileType = text.plist.xml; path = Info.plist; sourceTree = "<group>"; };
		332D4A702A6E4A67006904D1 /* main.m */ = {isa = PBXFileReference; lastKnownFileType = sourcecode.c.objc; path = main.m; sourceTree = "<group>"; };
		332D4A772A6E4A8E006904D1 /* DataManager.h */ = {isa = PBXFileReference; lastKnownFileType = sourcecode.c.h; path = DataManager.h; sourceTree = "<group>"; };
		332D4A782A6E4A8E006904D1 /* DataManager.m */ = {isa = PBXFileReference; lastKnownFileType = sourcecode.c.objc; path = DataManager.m; sourceTree = "<group>"; };
		332D4A7C2A6E532E006904D1 /* BeachCell.h */ = {isa = PBXFileReference; lastKnownFileType = sourcecode.c.h; path = BeachCell.h; sourceTree = "<group>"; };
		332D4A7D2A6E532E006904D1 /* BeachCell.m */ = {isa = PBXFileReference; lastKnownFileType = sourcecode.c.objc; path = BeachCell.m; sourceTree = "<group>"; };
		332D4A7E2A6E532E006904D1 /* BeachCell.xib */ = {isa = PBXFileReference; lastKnownFileType = file.xib; path = BeachCell.xib; sourceTree = "<group>"; };
		332D4A812A6E597D006904D1 /* Beach.h */ = {isa = PBXFileReference; lastKnownFileType = sourcecode.c.h; path = Beach.h; sourceTree = "<group>"; };
		332D4A822A6E597D006904D1 /* Beach.m */ = {isa = PBXFileReference; lastKnownFileType = sourcecode.c.objc; path = Beach.m; sourceTree = "<group>"; };
		332D4A892A6E5C7F006904D1 /* MainViewController.h */ = {isa = PBXFileReference; lastKnownFileType = sourcecode.c.h; path = MainViewController.h; sourceTree = "<group>"; };
		332D4A8A2A6E5C7F006904D1 /* MainViewController.m */ = {isa = PBXFileReference; lastKnownFileType = sourcecode.c.objc; path = MainViewController.m; sourceTree = "<group>"; };
/* End PBXFileReference section */

/* Begin PBXFrameworksBuildPhase section */
		332D4A582A6E4A65006904D1 /* Frameworks */ = {
			isa = PBXFrameworksBuildPhase;
			buildActionMask = 2147483647;
			files = (
			);
			runOnlyForDeploymentPostprocessing = 0;
		};
/* End PBXFrameworksBuildPhase section */

/* Begin PBXGroup section */
		332D4A522A6E4A65006904D1 = {
			isa = PBXGroup;
			children = (
				332D4A5D2A6E4A65006904D1 /* BeachInfoService */,
				332D4A5C2A6E4A65006904D1 /* Products */,
			);
			sourceTree = "<group>";
		};
		332D4A5C2A6E4A65006904D1 /* Products */ = {
			isa = PBXGroup;
			children = (
				332D4A5B2A6E4A65006904D1 /* BeachInfoService.app */,
			);
			name = Products;
			sourceTree = "<group>";
		};
		332D4A5D2A6E4A65006904D1 /* BeachInfoService */ = {
			isa = PBXGroup;
			children = (
				332D4A872A6E59B9006904D1 /* Data */,
				332D4A862A6E59A4006904D1 /* Service */,
				332D4A842A6E5980006904D1 /* Model */,
				332D4A882A6E59E5006904D1 /* View */,
				332D4A852A6E598E006904D1 /* Controller */,
				332D4A5E2A6E4A65006904D1 /* AppDelegate.h */,
				332D4A5F2A6E4A65006904D1 /* AppDelegate.m */,
				332D4A612A6E4A65006904D1 /* SceneDelegate.h */,
				332D4A622A6E4A65006904D1 /* SceneDelegate.m */,
				332D4A6A2A6E4A67006904D1 /* Assets.xcassets */,
				332D4A6F2A6E4A67006904D1 /* Info.plist */,
				332D4A702A6E4A67006904D1 /* main.m */,
			);
			path = BeachInfoService;
			sourceTree = "<group>";
		};
		332D4A842A6E5980006904D1 /* Model */ = {
			isa = PBXGroup;
			children = (
				332D4A812A6E597D006904D1 /* Beach.h */,
				332D4A822A6E597D006904D1 /* Beach.m */,
			);
			path = Model;
			sourceTree = "<group>";
		};
		332D4A852A6E598E006904D1 /* Controller */ = {
			isa = PBXGroup;
			children = (
				332D4A642A6E4A65006904D1 /* ViewController.h */,
				332D4A652A6E4A65006904D1 /* ViewController.m */,
				332D4A892A6E5C7F006904D1 /* MainViewController.h */,
				332D4A8A2A6E5C7F006904D1 /* MainViewController.m */,
			);
			path = Controller;
			sourceTree = "<group>";
		};
		332D4A862A6E59A4006904D1 /* Service */ = {
			isa = PBXGroup;
			children = (
			);
			path = Service;
			sourceTree = "<group>";
		};
		332D4A872A6E59B9006904D1 /* Data */ = {
			isa = PBXGroup;
			children = (
				332D4A772A6E4A8E006904D1 /* DataManager.h */,
				332D4A782A6E4A8E006904D1 /* DataManager.m */,
			);
			path = Data;
			sourceTree = "<group>";
		};
		332D4A882A6E59E5006904D1 /* View */ = {
			isa = PBXGroup;
			children = (
				332D4A672A6E4A65006904D1 /* Main.storyboard */,
				332D4A6C2A6E4A67006904D1 /* LaunchScreen.storyboard */,
				332D4A7C2A6E532E006904D1 /* BeachCell.h */,
				332D4A7D2A6E532E006904D1 /* BeachCell.m */,
				332D4A7E2A6E532E006904D1 /* BeachCell.xib */,
			);
			path = View;
			sourceTree = "<group>";
		};
/* End PBXGroup section */

/* Begin PBXNativeTarget section */
		332D4A5A2A6E4A65006904D1 /* BeachInfoService */ = {
			isa = PBXNativeTarget;
			buildConfigurationList = 332D4A742A6E4A67006904D1 /* Build configuration list for PBXNativeTarget "BeachInfoService" */;
			buildPhases = (
				332D4A572A6E4A65006904D1 /* Sources */,
				332D4A582A6E4A65006904D1 /* Frameworks */,
				332D4A592A6E4A65006904D1 /* Resources */,
			);
			buildRules = (
			);
			dependencies = (
			);
			name = BeachInfoService;
			productName = BeachInfoService;
			productReference = 332D4A5B2A6E4A65006904D1 /* BeachInfoService.app */;
			productType = "com.apple.product-type.application";
		};
/* End PBXNativeTarget section */

/* Begin PBXProject section */
		332D4A532A6E4A65006904D1 /* Project object */ = {
			isa = PBXProject;
			attributes = {
				BuildIndependentTargetsInParallel = 1;
				LastUpgradeCheck = 1430;
				TargetAttributes = {
					332D4A5A2A6E4A65006904D1 = {
						CreatedOnToolsVersion = 14.3.1;
					};
				};
			};
			buildConfigurationList = 332D4A562A6E4A65006904D1 /* Build configuration list for PBXProject "BeachInfoService" */;
			compatibilityVersion = "Xcode 14.0";
			developmentRegion = en;
			hasScannedForEncodings = 0;
			knownRegions = (
				en,
				Base,
			);
			mainGroup = 332D4A522A6E4A65006904D1;
			productRefGroup = 332D4A5C2A6E4A65006904D1 /* Products */;
			projectDirPath = "";
			projectRoot = "";
			targets = (
				332D4A5A2A6E4A65006904D1 /* BeachInfoService */,
			);
		};
/* End PBXProject section */

/* Begin PBXResourcesBuildPhase section */
		332D4A592A6E4A65006904D1 /* Resources */ = {
			isa = PBXResourcesBuildPhase;
			buildActionMask = 2147483647;
			files = (
				332D4A6E2A6E4A67006904D1 /* LaunchScreen.storyboard in Resources */,
				332D4A802A6E532E006904D1 /* BeachCell.xib in Resources */,
				332D4A6B2A6E4A67006904D1 /* Assets.xcassets in Resources */,
				332D4A692A6E4A65006904D1 /* Main.storyboard in Resources */,
			);
			runOnlyForDeploymentPostprocessing = 0;
		};
/* End PBXResourcesBuildPhase section */

/* Begin PBXSourcesBuildPhase section */
		332D4A572A6E4A65006904D1 /* Sources */ = {
			isa = PBXSourcesBuildPhase;
			buildActionMask = 2147483647;
			files = (
				332D4A662A6E4A65006904D1 /* ViewController.m in Sources */,
				332D4A792A6E4A8E006904D1 /* DataManager.m in Sources */,
				332D4A602A6E4A65006904D1 /* AppDelegate.m in Sources */,
				332D4A8B2A6E5C7F006904D1 /* MainViewController.m in Sources */,
				332D4A832A6E597D006904D1 /* Beach.m in Sources */,
				332D4A712A6E4A67006904D1 /* main.m in Sources */,
				332D4A632A6E4A65006904D1 /* SceneDelegate.m in Sources */,
				332D4A7F2A6E532E006904D1 /* BeachCell.m in Sources */,
			);
			runOnlyForDeploymentPostprocessing = 0;
		};
/* End PBXSourcesBuildPhase section */

/* Begin PBXVariantGroup section */
		332D4A672A6E4A65006904D1 /* Main.storyboard */ = {
			isa = PBXVariantGroup;
			children = (
				332D4A682A6E4A65006904D1 /* Base */,
			);
			name = Main.storyboard;
			sourceTree = "<group>";
		};
		332D4A6C2A6E4A67006904D1 /* LaunchScreen.storyboard */ = {
			isa = PBXVariantGroup;
			children = (
				332D4A6D2A6E4A67006904D1 /* Base */,
			);
			name = LaunchScreen.storyboard;
			sourceTree = "<group>";
		};
/* End PBXVariantGroup section */

/* Begin XCBuildConfiguration section */
		332D4A722A6E4A67006904D1 /* Debug */ = {
			isa = XCBuildConfiguration;
			buildSettings = {
				ALWAYS_SEARCH_USER_PATHS = NO;
				CLANG_ANALYZER_NONNULL = YES;
				CLANG_ANALYZER_NUMBER_OBJECT_CONVERSION = YES_AGGRESSIVE;
				CLANG_CXX_LANGUAGE_STANDARD = "gnu++20";
				CLANG_ENABLE_MODULES = YES;
				CLANG_ENABLE_OBJC_ARC = YES;
				CLANG_ENABLE_OBJC_WEAK = YES;
				CLANG_WARN_BLOCK_CAPTURE_AUTORELEASING = YES;
				CLANG_WARN_BOOL_CONVERSION = YES;
				CLANG_WARN_COMMA = YES;
				CLANG_WARN_CONSTANT_CONVERSION = YES;
				CLANG_WARN_DEPRECATED_OBJC_IMPLEMENTATIONS = YES;
				CLANG_WARN_DIRECT_OBJC_ISA_USAGE = YES_ERROR;
				CLANG_WARN_DOCUMENTATION_COMMENTS = YES;
				CLANG_WARN_EMPTY_BODY = YES;
				CLANG_WARN_ENUM_CONVERSION = YES;
				CLANG_WARN_INFINITE_RECURSION = YES;
				CLANG_WARN_INT_CONVERSION = YES;
				CLANG_WARN_NON_LITERAL_NULL_CONVERSION = YES;
				CLANG_WARN_OBJC_IMPLICIT_RETAIN_SELF = YES;
				CLANG_WARN_OBJC_LITERAL_CONVERSION = YES;
				CLANG_WARN_OBJC_ROOT_CLASS = YES_ERROR;
				CLANG_WARN_QUOTED_INCLUDE_IN_FRAMEWORK_HEADER = YES;
				CLANG_WARN_RANGE_LOOP_ANALYSIS = YES;
				CLANG_WARN_STRICT_PROTOTYPES = YES;
				CLANG_WARN_SUSPICIOUS_MOVE = YES;
				CLANG_WARN_UNGUARDED_AVAILABILITY = YES_AGGRESSIVE;
				CLANG_WARN_UNREACHABLE_CODE = YES;
				CLANG_WARN__DUPLICATE_METHOD_MATCH = YES;
				COPY_PHASE_STRIP = NO;
				DEBUG_INFORMATION_FORMAT = dwarf;
				ENABLE_STRICT_OBJC_MSGSEND = YES;
				ENABLE_TESTABILITY = YES;
				GCC_C_LANGUAGE_STANDARD = gnu11;
				GCC_DYNAMIC_NO_PIC = NO;
				GCC_NO_COMMON_BLOCKS = YES;
				GCC_OPTIMIZATION_LEVEL = 0;
				GCC_PREPROCESSOR_DEFINITIONS = (
					"DEBUG=1",
					"$(inherited)",
				);
				GCC_WARN_64_TO_32_BIT_CONVERSION = YES;
				GCC_WARN_ABOUT_RETURN_TYPE = YES_ERROR;
				GCC_WARN_UNDECLARED_SELECTOR = YES;
				GCC_WARN_UNINITIALIZED_AUTOS = YES_AGGRESSIVE;
				GCC_WARN_UNUSED_FUNCTION = YES;
				GCC_WARN_UNUSED_VARIABLE = YES;
				IPHONEOS_DEPLOYMENT_TARGET = 16.4;
				MTL_ENABLE_DEBUG_INFO = INCLUDE_SOURCE;
				MTL_FAST_MATH = YES;
				ONLY_ACTIVE_ARCH = YES;
				SDKROOT = iphoneos;
			};
			name = Debug;
		};
		332D4A732A6E4A67006904D1 /* Release */ = {
			isa = XCBuildConfiguration;
			buildSettings = {
				ALWAYS_SEARCH_USER_PATHS = NO;
				CLANG_ANALYZER_NONNULL = YES;
				CLANG_ANALYZER_NUMBER_OBJECT_CONVERSION = YES_AGGRESSIVE;
				CLANG_CXX_LANGUAGE_STANDARD = "gnu++20";
				CLANG_ENABLE_MODULES = YES;
				CLANG_ENABLE_OBJC_ARC = YES;
				CLANG_ENABLE_OBJC_WEAK = YES;
				CLANG_WARN_BLOCK_CAPTURE_AUTORELEASING = YES;
				CLANG_WARN_BOOL_CONVERSION = YES;
				CLANG_WARN_COMMA = YES;
				CLANG_WARN_CONSTANT_CONVERSION = YES;
				CLANG_WARN_DEPRECATED_OBJC_IMPLEMENTATIONS = YES;
				CLANG_WARN_DIRECT_OBJC_ISA_USAGE = YES_ERROR;
				CLANG_WARN_DOCUMENTATION_COMMENTS = YES;
				CLANG_WARN_EMPTY_BODY = YES;
				CLANG_WARN_ENUM_CONVERSION = YES;
				CLANG_WARN_INFINITE_RECURSION = YES;
				CLANG_WARN_INT_CONVERSION = YES;
				CLANG_WARN_NON_LITERAL_NULL_CONVERSION = YES;
				CLANG_WARN_OBJC_IMPLICIT_RETAIN_SELF = YES;
				CLANG_WARN_OBJC_LITERAL_CONVERSION = YES;
				CLANG_WARN_OBJC_ROOT_CLASS = YES_ERROR;
				CLANG_WARN_QUOTED_INCLUDE_IN_FRAMEWORK_HEADER = YES;
				CLANG_WARN_RANGE_LOOP_ANALYSIS = YES;
				CLANG_WARN_STRICT_PROTOTYPES = YES;
				CLANG_WARN_SUSPICIOUS_MOVE = YES;
				CLANG_WARN_UNGUARDED_AVAILABILITY = YES_AGGRESSIVE;
				CLANG_WARN_UNREACHABLE_CODE = YES;
				CLANG_WARN__DUPLICATE_METHOD_MATCH = YES;
				COPY_PHASE_STRIP = NO;
				DEBUG_INFORMATION_FORMAT = "dwarf-with-dsym";
				ENABLE_NS_ASSERTIONS = NO;
				ENABLE_STRICT_OBJC_MSGSEND = YES;
				GCC_C_LANGUAGE_STANDARD = gnu11;
				GCC_NO_COMMON_BLOCKS = YES;
				GCC_WARN_64_TO_32_BIT_CONVERSION = YES;
				GCC_WARN_ABOUT_RETURN_TYPE = YES_ERROR;
				GCC_WARN_UNDECLARED_SELECTOR = YES;
				GCC_WARN_UNINITIALIZED_AUTOS = YES_AGGRESSIVE;
				GCC_WARN_UNUSED_FUNCTION = YES;
				GCC_WARN_UNUSED_VARIABLE = YES;
				IPHONEOS_DEPLOYMENT_TARGET = 16.4;
				MTL_ENABLE_DEBUG_INFO = NO;
				MTL_FAST_MATH = YES;
				SDKROOT = iphoneos;
				VALIDATE_PRODUCT = YES;
			};
			name = Release;
		};
		332D4A752A6E4A67006904D1 /* Debug */ = {
			isa = XCBuildConfiguration;
			buildSettings = {
				ASSETCATALOG_COMPILER_APPICON_NAME = AppIcon;
				ASSETCATALOG_COMPILER_GLOBAL_ACCENT_COLOR_NAME = AccentColor;
				CODE_SIGN_STYLE = Automatic;
				CURRENT_PROJECT_VERSION = 1;
				DEVELOPMENT_TEAM = 966SGMD852;
				GENERATE_INFOPLIST_FILE = YES;
				INFOPLIST_FILE = BeachInfoService/Info.plist;
				INFOPLIST_KEY_UIApplicationSupportsIndirectInputEvents = YES;
				INFOPLIST_KEY_UILaunchStoryboardName = LaunchScreen;
				INFOPLIST_KEY_UIMainStoryboardFile = Main;
				INFOPLIST_KEY_UISupportedInterfaceOrientations_iPad = "UIInterfaceOrientationPortrait UIInterfaceOrientationPortraitUpsideDown UIInterfaceOrientationLandscapeLeft UIInterfaceOrientationLandscapeRight";
				INFOPLIST_KEY_UISupportedInterfaceOrientations_iPhone = "UIInterfaceOrientationPortrait UIInterfaceOrientationLandscapeLeft UIInterfaceOrientationLandscapeRight";
				IPHONEOS_DEPLOYMENT_TARGET = 13.0;
				LD_RUNPATH_SEARCH_PATHS = (
					"$(inherited)",
					"@executable_path/Frameworks",
				);
				MARKETING_VERSION = 1.0;
				PRODUCT_BUNDLE_IDENTIFIER = com.taehee.sample.BeachInfoService;
				PRODUCT_NAME = "$(TARGET_NAME)";
				SWIFT_EMIT_LOC_STRINGS = YES;
				TARGETED_DEVICE_FAMILY = "1,2";
			};
			name = Debug;
		};
		332D4A762A6E4A67006904D1 /* Release */ = {
			isa = XCBuildConfiguration;
			buildSettings = {
				ASSETCATALOG_COMPILER_APPICON_NAME = AppIcon;
				ASSETCATALOG_COMPILER_GLOBAL_ACCENT_COLOR_NAME = AccentColor;
				CODE_SIGN_STYLE = Automatic;
				CURRENT_PROJECT_VERSION = 1;
				DEVELOPMENT_TEAM = 966SGMD852;
				GENERATE_INFOPLIST_FILE = YES;
				INFOPLIST_FILE = BeachInfoService/Info.plist;
				INFOPLIST_KEY_UIApplicationSupportsIndirectInputEvents = YES;
				INFOPLIST_KEY_UILaunchStoryboardName = LaunchScreen;
				INFOPLIST_KEY_UIMainStoryboardFile = Main;
				INFOPLIST_KEY_UISupportedInterfaceOrientations_iPad = "UIInterfaceOrientationPortrait UIInterfaceOrientationPortraitUpsideDown UIInterfaceOrientationLandscapeLeft UIInterfaceOrientationLandscapeRight";
				INFOPLIST_KEY_UISupportedInterfaceOrientations_iPhone = "UIInterfaceOrientationPortrait UIInterfaceOrientationLandscapeLeft UIInterfaceOrientationLandscapeRight";
				IPHONEOS_DEPLOYMENT_TARGET = 13.0;
				LD_RUNPATH_SEARCH_PATHS = (
					"$(inherited)",
					"@executable_path/Frameworks",
				);
				MARKETING_VERSION = 1.0;
				PRODUCT_BUNDLE_IDENTIFIER = com.taehee.sample.BeachInfoService;
				PRODUCT_NAME = "$(TARGET_NAME)";
				SWIFT_EMIT_LOC_STRINGS = YES;
				TARGETED_DEVICE_FAMILY = "1,2";
			};
			name = Release;
		};
/* End XCBuildConfiguration section */

/* Begin XCConfigurationList section */
		332D4A562A6E4A65006904D1 /* Build configuration list for PBXProject "BeachInfoService" */ = {
			isa = XCConfigurationList;
			buildConfigurations = (
				332D4A722A6E4A67006904D1 /* Debug */,
				332D4A732A6E4A67006904D1 /* Release */,
			);
			defaultConfigurationIsVisible = 0;
			defaultConfigurationName = Release;
		};
		332D4A742A6E4A67006904D1 /* Build configuration list for PBXNativeTarget "BeachInfoService" */ = {
			isa = XCConfigurationList;
			buildConfigurations = (
				332D4A752A6E4A67006904D1 /* Debug */,
				332D4A762A6E4A67006904D1 /* Release */,
			);
			defaultConfigurationIsVisible = 0;
			defaultConfigurationName = Release;
		};
/* End XCConfigurationList section */
	};
	rootObject = 332D4A532A6E4A65006904D1 /* Project object */;
}
